
Microsoft Visual Studio Solution File, Format Version 12.00
# Visual Studio Version 17
VisualStudioVersion = 17.9.34607.119
MinimumVisualStudioVersion = 10.0.40219.1
Project("{FAE04EC0-301F-11D3-BF4B-00C04F79EFBC}") = "SGT", "SGT.csproj", "{06987C4F-6DCC-4BE7-BD07-AA8F311E3382}"
EndProject
Global
	GlobalSection(SolutionConfigurationPlatforms) = preSolution
		Debug|Any CPU = Debug|Any CPU
		Release|Any CPU = Release|Any CPU
	EndGlobalSection
	GlobalSection(ProjectConfigurationPlatforms) = postSolution
		{06987C4F-6DCC-4BE7-BD07-AA8F311E3382}.Debug|Any CPU.ActiveCfg = Debug|Any CPU
		{06987C4F-6DCC-4BE7-BD07-AA8F311E3382}.Debug|Any CPU.Build.0 = Debug|Any CPU
		{06987C4F-6DCC-4BE7-BD07-AA8F311E3382}.Release|Any CPU.ActiveCfg = Release|Any CPU
		{06987C4F-6DCC-4BE7-BD07-AA8F311E3382}.Release|Any CPU.Build.0 = Release|Any CPU
	EndGlobalSection
	GlobalSection(SolutionProperties) = preSolution
		HideSolutionNode = FALSE
	EndGlobalSection
	GlobalSection(ExtensibilityGlobals) = postSolution
		SolutionGuid = {7878600D-B5E2-4715-A7E2-A28352A1F0D0}
	EndGlobalSection
EndGlobal
